
Microsoft Visual Studio Solution File, Format Version 12.00
# Visual Studio 15
VisualStudioVersion = 15.0.28307.489
MinimumVisualStudioVersion = 10.0.40219.1
Project("{FAE04EC0-301F-11D3-BF4B-00C04F79EFBC}") = "AdventOfCode", "AdventOfCode\AdventOfCode.csproj", "{6B2E925E-9969-4DA0-BCE5-064C76D5B3E6}"
EndProject
Global
	GlobalSection(SolutionConfigurationPlatforms) = preSolution
		Debug|Any CPU = Debug|Any CPU
		Release|Any CPU = Release|Any CPU
	EndGlobalSection
	GlobalSection(ProjectConfigurationPlatforms) = postSolution
		{6B2E925E-9969-4DA0-BCE5-064C76D5B3E6}.Debug|Any CPU.ActiveCfg = Debug|Any CPU
		{6B2E925E-9969-4DA0-BCE5-064C76D5B3E6}.Debug|Any CPU.Build.0 = Debug|Any CPU
		{6B2E925E-9969-4DA0-BCE5-064C76D5B3E6}.Release|Any CPU.ActiveCfg = Release|Any CPU
		{6B2E925E-9969-4DA0-BCE5-064C76D5B3E6}.Release|Any CPU.Build.0 = Release|Any CPU
	EndGlobalSection
	GlobalSection(SolutionProperties) = preSolution
		HideSolutionNode = FALSE
	EndGlobalSection
	GlobalSection(ExtensibilityGlobals) = postSolution
		SolutionGuid = {6D99E453-0D54-47FC-BB04-5910A67F6B24}
	EndGlobalSection
EndGlobal
